// !$*UTF8*$!
{
	archiveVersion = 1;
	classes = {
	};
	objectVersion = 46;
	objects = {

/* Begin PBXBuildFile section */
		7C98A2A61AD3186B00AB21F7 /* BNREmployee.m in Sources */ = {isa = PBXBuildFile; fileRef = 7C98A2A51AD3186B00AB21F7 /* BNREmployee.m */; };
		7C98A2A91AD32AAF00AB21F7 /* BNRAsset.m in Sources */ = {isa = PBXBuildFile; fileRef = 7C98A2A81AD32AAF00AB21F7 /* BNRAsset.m */; };
		7CEBC4BD1AD2DD6D0008320D /* main.m in Sources */ = {isa = PBXBuildFile; fileRef = 7CEBC4BC1AD2DD6D0008320D /* main.m */; };
		7CEBC4C51AD2DD9A0008320D /* BNRPerson.m in Sources */ = {isa = PBXBuildFile; fileRef = 7CEBC4C41AD2DD9A0008320D /* BNRPerson.m */; };
/* End PBXBuildFile section */

/* Begin PBXCopyFilesBuildPhase section */
		7CEBC4B71AD2DD6D0008320D /* CopyFiles */ = {
			isa = PBXCopyFilesBuildPhase;
			buildActionMask = 2147483647;
			dstPath = /usr/share/man/man1/;
			dstSubfolderSpec = 0;
			files = (
			);
			runOnlyForDeploymentPostprocessing = 1;
		};
/* End PBXCopyFilesBuildPhase section */

/* Begin PBXFileReference section */
		7C98A2A41AD3186B00AB21F7 /* BNREmployee.h */ = {isa = PBXFileReference; fileEncoding = 4; lastKnownFileType = sourcecode.c.h; name = BNREmployee.h; path = BMITime/BNREmployee.h; sourceTree = "<group>"; };
		7C98A2A51AD3186B00AB21F7 /* BNREmployee.m */ = {isa = PBXFileReference; fileEncoding = 4; lastKnownFileType = sourcecode.c.objc; name = BNREmployee.m; path = BMITime/BNREmployee.m; sourceTree = "<group>"; };
		7C98A2A71AD32AAF00AB21F7 /* BNRAsset.h */ = {isa = PBXFileReference; fileEncoding = 4; lastKnownFileType = sourcecode.c.h; path = BNRAsset.h; sourceTree = "<group>"; };
		7C98A2A81AD32AAF00AB21F7 /* BNRAsset.m */ = {isa = PBXFileReference; fileEncoding = 4; lastKnownFileType = sourcecode.c.objc; path = BNRAsset.m; sourceTree = "<group>"; };
		7CEBC4B91AD2DD6D0008320D /* BMITime */ = {isa = PBXFileReference; explicitFileType = "compiled.mach-o.executable"; includeInIndex = 0; path = BMITime; sourceTree = BUILT_PRODUCTS_DIR; };
		7CEBC4BC1AD2DD6D0008320D /* main.m */ = {isa = PBXFileReference; lastKnownFileType = sourcecode.c.objc; path = main.m; sourceTree = "<group>"; };
		7CEBC4C31AD2DD9A0008320D /* BNRPerson.h */ = {isa = PBXFileReference; fileEncoding = 4; lastKnownFileType = sourcecode.c.h; path = BNRPerson.h; sourceTree = "<group>"; };
		7CEBC4C41AD2DD9A0008320D /* BNRPerson.m */ = {isa = PBXFileReference; fileEncoding = 4; lastKnownFileType = sourcecode.c.objc; path = BNRPerson.m; sourceTree = "<group>"; };
/* End PBXFileReference section */

/* Begin PBXFrameworksBuildPhase section */
		7CEBC4B61AD2DD6D0008320D /* Frameworks */ = {
			isa = PBXFrameworksBuildPhase;
			buildActionMask = 2147483647;
			files = (
			);
			runOnlyForDeploymentPostprocessing = 0;
		};
/* End PBXFrameworksBuildPhase section */

/* Begin PBXGroup section */
		7CEBC4B01AD2DD6D0008320D = {
			isa = PBXGroup;
			children = (
				7C98A2A41AD3186B00AB21F7 /* BNREmployee.h */,
				7C98A2A51AD3186B00AB21F7 /* BNREmployee.m */,
				7C98A2A71AD32AAF00AB21F7 /* BNRAsset.h */,
				7C98A2A81AD32AAF00AB21F7 /* BNRAsset.m */,
				7CEBC4C31AD2DD9A0008320D /* BNRPerson.h */,
				7CEBC4C41AD2DD9A0008320D /* BNRPerson.m */,
				7CEBC4BB1AD2DD6D0008320D /* BMITime */,
				7CEBC4BA1AD2DD6D0008320D /* Products */,
			);
			sourceTree = "<group>";
		};
		7CEBC4BA1AD2DD6D0008320D /* Products */ = {
			isa = PBXGroup;
			children = (
				7CEBC4B91AD2DD6D0008320D /* BMITime */,
			);
			name = Products;
			sourceTree = "<group>";
		};
		7CEBC4BB1AD2DD6D0008320D /* BMITime */ = {
			isa = PBXGroup;
			children = (
				7CEBC4BC1AD2DD6D0008320D /* main.m */,
			);
			path = BMITime;
			sourceTree = "<group>";
		};
/* End PBXGroup section */

/* Begin PBXNativeTarget section */
		7CEBC4B81AD2DD6D0008320D /* BMITime */ = {
			isa = PBXNativeTarget;
			buildConfigurationList = 7CEBC4C01AD2DD6D0008320D /* Build configuration list for PBXNativeTarget "BMITime" */;
			buildPhases = (
				7CEBC4B51AD2DD6D0008320D /* Sources */,
				7CEBC4B61AD2DD6D0008320D /* Frameworks */,
				7CEBC4B71AD2DD6D0008320D /* CopyFiles */,
			);
			buildRules = (
			);
			dependencies = (
			);
			name = BMITime;
			productName = BMITime;
			productReference = 7CEBC4B91AD2DD6D0008320D /* BMITime */;
			productType = "com.apple.product-type.tool";
		};
/* End PBXNativeTarget section */

/* Begin PBXProject section */
		7CEBC4B11AD2DD6D0008320D /* Project object */ = {
			isa = PBXProject;
			attributes = {
				LastUpgradeCheck = 0620;
				ORGANIZATIONNAME = "ChoppSopht LLC.";
				TargetAttributes = {
					7CEBC4B81AD2DD6D0008320D = {
						CreatedOnToolsVersion = 6.2;
					};
				};
			};
			buildConfigurationList = 7CEBC4B41AD2DD6D0008320D /* Build configuration list for PBXProject "BMITime" */;
			compatibilityVersion = "Xcode 3.2";
			developmentRegion = English;
			hasScannedForEncodings = 0;
			knownRegions = (
				en,
			);
			mainGroup = 7CEBC4B01AD2DD6D0008320D;
			productRefGroup = 7CEBC4BA1AD2DD6D0008320D /* Products */;
			projectDirPath = "";
			projectRoot = "";
			targets = (
				7CEBC4B81AD2DD6D0008320D /* BMITime */,
			);
		};
/* End PBXProject section */

/* Begin PBXSourcesBuildPhase section */
		7CEBC4B51AD2DD6D0008320D /* Sources */ = {
			isa = PBXSourcesBuildPhase;
			buildActionMask = 2147483647;
			files = (
				7CEBC4BD1AD2DD6D0008320D /* main.m in Sources */,
				7C98A2A61AD3186B00AB21F7 /* BNREmployee.m in Sources */,
				7CEBC4C51AD2DD9A0008320D /* BNRPerson.m in Sources */,
				7C98A2A91AD32AAF00AB21F7 /* BNRAsset.m in Sources */,
			);
			runOnlyForDeploymentPostprocessing = 0;
		};
/* End PBXSourcesBuildPhase section */

/* Begin XCBuildConfiguration section */
		7CEBC4BE1AD2DD6D0008320D /* Debug */ = {
			isa = XCBuildConfiguration;
			buildSettings = {
				ALWAYS_SEARCH_USER_PATHS = NO;
				CLANG_CXX_LANGUAGE_STANDARD = "gnu++0x";
				CLANG_CXX_LIBRARY = "libc++";
				CLANG_ENABLE_MODULES = YES;
				CLANG_ENABLE_OBJC_ARC = YES;
				CLANG_WARN_BOOL_CONVERSION = YES;
				CLANG_WARN_CONSTANT_CONVERSION = YES;
				CLANG_WARN_DIRECT_OBJC_ISA_USAGE = YES_ERROR;
				CLANG_WARN_EMPTY_BODY = YES;
				CLANG_WARN_ENUM_CONVERSION = YES;
				CLANG_WARN_INT_CONVERSION = YES;
				CLANG_WARN_OBJC_ROOT_CLASS = YES_ERROR;
				CLANG_WARN_UNREACHABLE_CODE = YES;
				CLANG_WARN__DUPLICATE_METHOD_MATCH = YES;
				COPY_PHASE_STRIP = NO;
				ENABLE_STRICT_OBJC_MSGSEND = YES;
				GCC_C_LANGUAGE_STANDARD = gnu99;
				GCC_DYNAMIC_NO_PIC = NO;
				GCC_OPTIMIZATION_LEVEL = 0;
				GCC_PREPROCESSOR_DEFINITIONS = (
					"DEBUG=1",
					"$(inherited)",
				);
				GCC_SYMBOLS_PRIVATE_EXTERN = NO;
				GCC_WARN_64_TO_32_BIT_CONVERSION = YES;
				GCC_WARN_ABOUT_RETURN_TYPE = YES_ERROR;
				GCC_WARN_UNDECLARED_SELECTOR = YES;
				GCC_WARN_UNINITIALIZED_AUTOS = YES_AGGRESSIVE;
				GCC_WARN_UNUSED_FUNCTION = YES;
				GCC_WARN_UNUSED_VARIABLE = YES;
				MACOSX_DEPLOYMENT_TARGET = 10.10;
				MTL_ENABLE_DEBUG_INFO = YES;
				ONLY_ACTIVE_ARCH = YES;
				SDKROOT = macosx;
			};
			name = Debug;
		};
		7CEBC4BF1AD2DD6D0008320D /* Release */ = {
			isa = XCBuildConfiguration;
			buildSettings = {
				ALWAYS_SEARCH_USER_PATHS = NO;
				CLANG_CXX_LANGUAGE_STANDARD = "gnu++0x";
				CLANG_CXX_LIBRARY = "libc++";
				CLANG_ENABLE_MODULES = YES;
				CLANG_ENABLE_OBJC_ARC = YES;
				CLANG_WARN_BOOL_CONVERSION = YES;
				CLANG_WARN_CONSTANT_CONVERSION = YES;
				CLANG_WARN_DIRECT_OBJC_ISA_USAGE = YES_ERROR;
				CLANG_WARN_EMPTY_BODY = YES;
				CLANG_WARN_ENUM_CONVERSION = YES;
				CLANG_WARN_INT_CONVERSION = YES;
				CLANG_WARN_OBJC_ROOT_CLASS = YES_ERROR;
				CLANG_WARN_UNREACHABLE_CODE = YES;
				CLANG_WARN__DUPLICATE_METHOD_MATCH = YES;
				COPY_PHASE_STRIP = NO;
				DEBUG_INFORMATION_FORMAT = "dwarf-with-dsym";
				ENABLE_NS_ASSERTIONS = NO;
				ENABLE_STRICT_OBJC_MSGSEND = YES;
				GCC_C_LANGUAGE_STANDARD = gnu99;
				GCC_WARN_64_TO_32_BIT_CONVERSION = YES;
				GCC_WARN_ABOUT_RETURN_TYPE = YES_ERROR;
				GCC_WARN_UNDECLARED_SELECTOR = YES;
				GCC_WARN_UNINITIALIZED_AUTOS = YES_AGGRESSIVE;
				GCC_WARN_UNUSED_FUNCTION = YES;
				GCC_WARN_UNUSED_VARIABLE = YES;
				MACOSX_DEPLOYMENT_TARGET = 10.10;
				MTL_ENABLE_DEBUG_INFO = NO;
				SDKROOT = macosx;
			};
			name = Release;
		};
		7CEBC4C11AD2DD6D0008320D /* Debug */ = {
			isa = XCBuildConfiguration;
			buildSettings = {
				PRODUCT_NAME = "$(TARGET_NAME)";
			};
			name = Debug;
		};
		7CEBC4C21AD2DD6D0008320D /* Release */ = {
			isa = XCBuildConfiguration;
			buildSettings = {
				PRODUCT_NAME = "$(TARGET_NAME)";
			};
			name = Release;
		};
/* End XCBuildConfiguration section */

/* Begin XCConfigurationList section */
		7CEBC4B41AD2DD6D0008320D /* Build configuration list for PBXProject "BMITime" */ = {
			isa = XCConfigurationList;
			buildConfigurations = (
				7CEBC4BE1AD2DD6D0008320D /* Debug */,
				7CEBC4BF1AD2DD6D0008320D /* Release */,
			);
			defaultConfigurationIsVisible = 0;
			defaultConfigurationName = Release;
		};
		7CEBC4C01AD2DD6D0008320D /* Build configuration list for PBXNativeTarget "BMITime" */ = {
			isa = XCConfigurationList;
			buildConfigurations = (
				7CEBC4C11AD2DD6D0008320D /* Debug */,
				7CEBC4C21AD2DD6D0008320D /* Release */,
			);
			defaultConfigurationIsVisible = 0;
			defaultConfigurationName = Release;
		};
/* End XCConfigurationList section */
	};
	rootObject = 7CEBC4B11AD2DD6D0008320D /* Project object */;
}
